// !$*UTF8*$!
{
	archiveVersion = 1;
	classes = {
	};
	objectVersion = 56;
	objects = {

/* Begin PBXBuildFile section */
		113E11E72B9218B5008A566B /* AngularButtonStyle.swift in Sources */ = {isa = PBXBuildFile; fileRef = 113E11E62B9218B5008A566B /* AngularButtonStyle.swift */; };
		113E11E92B947893008A566B /* InputStyle.swift in Sources */ = {isa = PBXBuildFile; fileRef = 113E11E82B947893008A566B /* InputStyle.swift */; };
		1144B02F2B8C8B79000C380C /* MatchedView.swift in Sources */ = {isa = PBXBuildFile; fileRef = 1144B02E2B8C8B79000C380C /* MatchedView.swift */; };
		1144B0312B8CAAD0000C380C /* CourseItem.swift in Sources */ = {isa = PBXBuildFile; fileRef = 1144B0302B8CAAD0000C380C /* CourseItem.swift */; };
		1144B0332B8CAB7B000C380C /* CourseView.swift in Sources */ = {isa = PBXBuildFile; fileRef = 1144B0322B8CAB7B000C380C /* CourseView.swift */; };
		1144B0352B8CC8E8000C380C /* Animations.swift in Sources */ = {isa = PBXBuildFile; fileRef = 1144B0342B8CC8E8000C380C /* Animations.swift */; };
		1159AEAD2B8CE8500003AA19 /* Model.swift in Sources */ = {isa = PBXBuildFile; fileRef = 1159AEAC2B8CE8500003AA19 /* Model.swift */; };
		1187231F2B905ADE00AD06A1 /* SearchView.swift in Sources */ = {isa = PBXBuildFile; fileRef = 1187231E2B905ADE00AD06A1 /* SearchView.swift */; };
		118723212B906BE800AD06A1 /* Suggestion.swift in Sources */ = {isa = PBXBuildFile; fileRef = 118723202B906BE800AD06A1 /* Suggestion.swift */; };
		118723232B906F0200AD06A1 /* FrostedGlassStyle.swift in Sources */ = {isa = PBXBuildFile; fileRef = 118723222B906F0200AD06A1 /* FrostedGlassStyle.swift */; };
		118723252B907F5400AD06A1 /* SignUpView.swift in Sources */ = {isa = PBXBuildFile; fileRef = 118723242B907F5400AD06A1 /* SignUpView.swift */; };
		11A6459F2B88A04D00602E01 /* StrokeStyle.swift in Sources */ = {isa = PBXBuildFile; fileRef = 11A6459E2B88A04D00602E01 /* StrokeStyle.swift */; };
		11A645A12B88A4FD00602E01 /* AccountView.swift in Sources */ = {isa = PBXBuildFile; fileRef = 11A645A02B88A4FD00602E01 /* AccountView.swift */; };
		11A645A32B89F98A00602E01 /* HexagonView.swift in Sources */ = {isa = PBXBuildFile; fileRef = 11A645A22B89F98A00602E01 /* HexagonView.swift */; };
		11A645A52B89FD5B00602E01 /* BlobView.swift in Sources */ = {isa = PBXBuildFile; fileRef = 11A645A42B89FD5B00602E01 /* BlobView.swift */; };
		11A645A72B8B2FCE00602E01 /* TabBar.swift in Sources */ = {isa = PBXBuildFile; fileRef = 11A645A62B8B2FCE00602E01 /* TabBar.swift */; };
		11A645A92B8B36A600602E01 /* TabItem.swift in Sources */ = {isa = PBXBuildFile; fileRef = 11A645A82B8B36A600602E01 /* TabItem.swift */; };
		11A645B12B8B51FD00602E01 /* HomeView.swift in Sources */ = {isa = PBXBuildFile; fileRef = 11A645B02B8B51FD00602E01 /* HomeView.swift */; };
		11A645B42B8B56D200602E01 /* FeatureItem.swift in Sources */ = {isa = PBXBuildFile; fileRef = 11A645B32B8B56D200602E01 /* FeatureItem.swift */; };
		11A645B62B8B585300602E01 /* NavigationBar.swift in Sources */ = {isa = PBXBuildFile; fileRef = 11A645B52B8B585300602E01 /* NavigationBar.swift */; };
		11A645B82B8C6FEE00602E01 /* PreferenceKeys.swift in Sources */ = {isa = PBXBuildFile; fileRef = 11A645B72B8C6FEE00602E01 /* PreferenceKeys.swift */; };
		11A645BA2B8C75CE00602E01 /* AnimatableFontModifier.swift in Sources */ = {isa = PBXBuildFile; fileRef = 11A645B92B8C75CE00602E01 /* AnimatableFontModifier.swift */; };
		11A645BC2B8C7B3D00602E01 /* FeaturedItem.swift in Sources */ = {isa = PBXBuildFile; fileRef = 11A645BB2B8C7B3D00602E01 /* FeaturedItem.swift */; };
		11F0627B2B88737F00D94BD5 /* SwiftUI_iOS15App.swift in Sources */ = {isa = PBXBuildFile; fileRef = 11F0627A2B88737F00D94BD5 /* SwiftUI_iOS15App.swift */; };
		11F0627D2B88737F00D94BD5 /* ContentView.swift in Sources */ = {isa = PBXBuildFile; fileRef = 11F0627C2B88737F00D94BD5 /* ContentView.swift */; };
		11F0627F2B88738000D94BD5 /* Assets.xcassets in Resources */ = {isa = PBXBuildFile; fileRef = 11F0627E2B88738000D94BD5 /* Assets.xcassets */; };
		11F062822B88738000D94BD5 /* Preview Assets.xcassets in Resources */ = {isa = PBXBuildFile; fileRef = 11F062812B88738000D94BD5 /* Preview Assets.xcassets */; };
/* End PBXBuildFile section */

/* Begin PBXFileReference section */
		113E11E62B9218B5008A566B /* AngularButtonStyle.swift */ = {isa = PBXFileReference; lastKnownFileType = sourcecode.swift; path = AngularButtonStyle.swift; sourceTree = "<group>"; };
		113E11E82B947893008A566B /* InputStyle.swift */ = {isa = PBXFileReference; lastKnownFileType = sourcecode.swift; path = InputStyle.swift; sourceTree = "<group>"; };
		1144B02E2B8C8B79000C380C /* MatchedView.swift */ = {isa = PBXFileReference; lastKnownFileType = sourcecode.swift; path = MatchedView.swift; sourceTree = "<group>"; };
		1144B0302B8CAAD0000C380C /* CourseItem.swift */ = {isa = PBXFileReference; lastKnownFileType = sourcecode.swift; path = CourseItem.swift; sourceTree = "<group>"; };
		1144B0322B8CAB7B000C380C /* CourseView.swift */ = {isa = PBXFileReference; lastKnownFileType = sourcecode.swift; path = CourseView.swift; sourceTree = "<group>"; };
		1144B0342B8CC8E8000C380C /* Animations.swift */ = {isa = PBXFileReference; lastKnownFileType = sourcecode.swift; path = Animations.swift; sourceTree = "<group>"; };
		1159AEAC2B8CE8500003AA19 /* Model.swift */ = {isa = PBXFileReference; lastKnownFileType = sourcecode.swift; path = Model.swift; sourceTree = "<group>"; };
		1187231E2B905ADE00AD06A1 /* SearchView.swift */ = {isa = PBXFileReference; lastKnownFileType = sourcecode.swift; path = SearchView.swift; sourceTree = "<group>"; };
		118723202B906BE800AD06A1 /* Suggestion.swift */ = {isa = PBXFileReference; lastKnownFileType = sourcecode.swift; path = Suggestion.swift; sourceTree = "<group>"; };
		118723222B906F0200AD06A1 /* FrostedGlassStyle.swift */ = {isa = PBXFileReference; lastKnownFileType = sourcecode.swift; path = FrostedGlassStyle.swift; sourceTree = "<group>"; };
		118723242B907F5400AD06A1 /* SignUpView.swift */ = {isa = PBXFileReference; lastKnownFileType = sourcecode.swift; path = SignUpView.swift; sourceTree = "<group>"; };
		11A6459E2B88A04D00602E01 /* StrokeStyle.swift */ = {isa = PBXFileReference; lastKnownFileType = sourcecode.swift; path = StrokeStyle.swift; sourceTree = "<group>"; };
		11A645A02B88A4FD00602E01 /* AccountView.swift */ = {isa = PBXFileReference; lastKnownFileType = sourcecode.swift; path = AccountView.swift; sourceTree = "<group>"; };
		11A645A22B89F98A00602E01 /* HexagonView.swift */ = {isa = PBXFileReference; lastKnownFileType = sourcecode.swift; path = HexagonView.swift; sourceTree = "<group>"; };
		11A645A42B89FD5B00602E01 /* BlobView.swift */ = {isa = PBXFileReference; lastKnownFileType = sourcecode.swift; path = BlobView.swift; sourceTree = "<group>"; };
		11A645A62B8B2FCE00602E01 /* TabBar.swift */ = {isa = PBXFileReference; lastKnownFileType = sourcecode.swift; path = TabBar.swift; sourceTree = "<group>"; };
		11A645A82B8B36A600602E01 /* TabItem.swift */ = {isa = PBXFileReference; lastKnownFileType = sourcecode.swift; path = TabItem.swift; sourceTree = "<group>"; };
		11A645B02B8B51FD00602E01 /* HomeView.swift */ = {isa = PBXFileReference; lastKnownFileType = sourcecode.swift; path = HomeView.swift; sourceTree = "<group>"; };
		11A645B32B8B56D200602E01 /* FeatureItem.swift */ = {isa = PBXFileReference; lastKnownFileType = sourcecode.swift; path = FeatureItem.swift; sourceTree = "<group>"; };
		11A645B52B8B585300602E01 /* NavigationBar.swift */ = {isa = PBXFileReference; lastKnownFileType = sourcecode.swift; path = NavigationBar.swift; sourceTree = "<group>"; };
		11A645B72B8C6FEE00602E01 /* PreferenceKeys.swift */ = {isa = PBXFileReference; lastKnownFileType = sourcecode.swift; path = PreferenceKeys.swift; sourceTree = "<group>"; };
		11A645B92B8C75CE00602E01 /* AnimatableFontModifier.swift */ = {isa = PBXFileReference; lastKnownFileType = sourcecode.swift; path = AnimatableFontModifier.swift; sourceTree = "<group>"; };
		11A645BB2B8C7B3D00602E01 /* FeaturedItem.swift */ = {isa = PBXFileReference; lastKnownFileType = sourcecode.swift; path = FeaturedItem.swift; sourceTree = "<group>"; };
		11F062772B88737F00D94BD5 /* SwiftUI_iOS15.app */ = {isa = PBXFileReference; explicitFileType = wrapper.application; includeInIndex = 0; path = SwiftUI_iOS15.app; sourceTree = BUILT_PRODUCTS_DIR; };
		11F0627A2B88737F00D94BD5 /* SwiftUI_iOS15App.swift */ = {isa = PBXFileReference; lastKnownFileType = sourcecode.swift; path = SwiftUI_iOS15App.swift; sourceTree = "<group>"; };
		11F0627C2B88737F00D94BD5 /* ContentView.swift */ = {isa = PBXFileReference; lastKnownFileType = sourcecode.swift; path = ContentView.swift; sourceTree = "<group>"; };
		11F0627E2B88738000D94BD5 /* Assets.xcassets */ = {isa = PBXFileReference; lastKnownFileType = folder.assetcatalog; path = Assets.xcassets; sourceTree = "<group>"; };
		11F062812B88738000D94BD5 /* Preview Assets.xcassets */ = {isa = PBXFileReference; lastKnownFileType = folder.assetcatalog; path = "Preview Assets.xcassets"; sourceTree = "<group>"; };
/* End PBXFileReference section */

/* Begin PBXFrameworksBuildPhase section */
		11F062742B88737F00D94BD5 /* Frameworks */ = {
			isa = PBXFrameworksBuildPhase;
			buildActionMask = 2147483647;
			files = (
			);
			runOnlyForDeploymentPostprocessing = 0;
		};
/* End PBXFrameworksBuildPhase section */

/* Begin PBXGroup section */
		11A645AC2B8B51C500602E01 /* Navigation */ = {
			isa = PBXGroup;
			children = (
				11F0627C2B88737F00D94BD5 /* ContentView.swift */,
				11A645A62B8B2FCE00602E01 /* TabBar.swift */,
			);
			path = Navigation;
			sourceTree = "<group>";
		};
		11A645AD2B8B51D100602E01 /* Components */ = {
			isa = PBXGroup;
			children = (
				11A645B52B8B585300602E01 /* NavigationBar.swift */,
				11A645A42B89FD5B00602E01 /* BlobView.swift */,
				11A645A22B89F98A00602E01 /* HexagonView.swift */,
				1144B0302B8CAAD0000C380C /* CourseItem.swift */,
			);
			path = Components;
			sourceTree = "<group>";
		};
		11A645AE2B8B51DA00602E01 /* Style */ = {
			isa = PBXGroup;
			children = (
				11A6459E2B88A04D00602E01 /* StrokeStyle.swift */,
				11A645B92B8C75CE00602E01 /* AnimatableFontModifier.swift */,
				1144B0342B8CC8E8000C380C /* Animations.swift */,
				118723222B906F0200AD06A1 /* FrostedGlassStyle.swift */,
				113E11E62B9218B5008A566B /* AngularButtonStyle.swift */,
				113E11E82B947893008A566B /* InputStyle.swift */,
			);
			path = Style;
			sourceTree = "<group>";
		};
		11A645AF2B8B51DF00602E01 /* Views */ = {
			isa = PBXGroup;
			children = (
				11A645B02B8B51FD00602E01 /* HomeView.swift */,
				11A645B32B8B56D200602E01 /* FeatureItem.swift */,
				11A645A02B88A4FD00602E01 /* AccountView.swift */,
				1144B02E2B8C8B79000C380C /* MatchedView.swift */,
				1144B0322B8CAB7B000C380C /* CourseView.swift */,
				1187231E2B905ADE00AD06A1 /* SearchView.swift */,
				118723242B907F5400AD06A1 /* SignUpView.swift */,
			);
			path = Views;
			sourceTree = "<group>";
		};
		11A645B22B8B526600602E01 /* Model */ = {
			isa = PBXGroup;
			children = (
				11A645A82B8B36A600602E01 /* TabItem.swift */,
				11A645B72B8C6FEE00602E01 /* PreferenceKeys.swift */,
				11A645BB2B8C7B3D00602E01 /* FeaturedItem.swift */,
				1159AEAC2B8CE8500003AA19 /* Model.swift */,
				118723202B906BE800AD06A1 /* Suggestion.swift */,
			);
			path = Model;
			sourceTree = "<group>";
		};
		11F0626E2B88737F00D94BD5 = {
			isa = PBXGroup;
			children = (
				11F062792B88737F00D94BD5 /* SwiftUI_iOS15 */,
				11F062782B88737F00D94BD5 /* Products */,
			);
			sourceTree = "<group>";
		};
		11F062782B88737F00D94BD5 /* Products */ = {
			isa = PBXGroup;
			children = (
				11F062772B88737F00D94BD5 /* SwiftUI_iOS15.app */,
			);
			name = Products;
			sourceTree = "<group>";
		};
		11F062792B88737F00D94BD5 /* SwiftUI_iOS15 */ = {
			isa = PBXGroup;
			children = (
				11F0627A2B88737F00D94BD5 /* SwiftUI_iOS15App.swift */,
				11A645AC2B8B51C500602E01 /* Navigation */,
				11A645AF2B8B51DF00602E01 /* Views */,
				11A645AD2B8B51D100602E01 /* Components */,
				11A645B22B8B526600602E01 /* Model */,
				11A645AE2B8B51DA00602E01 /* Style */,
				11F0627E2B88738000D94BD5 /* Assets.xcassets */,
				11F062802B88738000D94BD5 /* Preview Content */,
			);
			path = SwiftUI_iOS15;
			sourceTree = "<group>";
		};
		11F062802B88738000D94BD5 /* Preview Content */ = {
			isa = PBXGroup;
			children = (
				11F062812B88738000D94BD5 /* Preview Assets.xcassets */,
			);
			path = "Preview Content";
			sourceTree = "<group>";
		};
/* End PBXGroup section */

/* Begin PBXNativeTarget section */
		11F062762B88737F00D94BD5 /* SwiftUI_iOS15 */ = {
			isa = PBXNativeTarget;
			buildConfigurationList = 11F062852B88738000D94BD5 /* Build configuration list for PBXNativeTarget "SwiftUI_iOS15" */;
			buildPhases = (
				11F062732B88737F00D94BD5 /* Sources */,
				11F062742B88737F00D94BD5 /* Frameworks */,
				11F062752B88737F00D94BD5 /* Resources */,
			);
			buildRules = (
			);
			dependencies = (
			);
			name = SwiftUI_iOS15;
			productName = SwiftUI_iOS15;
			productReference = 11F062772B88737F00D94BD5 /* SwiftUI_iOS15.app */;
			productType = "com.apple.product-type.application";
		};
/* End PBXNativeTarget section */

/* Begin PBXProject section */
		11F0626F2B88737F00D94BD5 /* Project object */ = {
			isa = PBXProject;
			attributes = {
				BuildIndependentTargetsInParallel = 1;
				LastSwiftUpdateCheck = 1410;
				LastUpgradeCheck = 1500;
				TargetAttributes = {
					11F062762B88737F00D94BD5 = {
						CreatedOnToolsVersion = 14.1;
					};
				};
			};
			buildConfigurationList = 11F062722B88737F00D94BD5 /* Build configuration list for PBXProject "SwiftUI_iOS15" */;
			compatibilityVersion = "Xcode 14.0";
			developmentRegion = en;
			hasScannedForEncodings = 0;
			knownRegions = (
				en,
				Base,
			);
			mainGroup = 11F0626E2B88737F00D94BD5;
			productRefGroup = 11F062782B88737F00D94BD5 /* Products */;
			projectDirPath = "";
			projectRoot = "";
			targets = (
				11F062762B88737F00D94BD5 /* SwiftUI_iOS15 */,
			);
		};
/* End PBXProject section */

/* Begin PBXResourcesBuildPhase section */
		11F062752B88737F00D94BD5 /* Resources */ = {
			isa = PBXResourcesBuildPhase;
			buildActionMask = 2147483647;
			files = (
				11F062822B88738000D94BD5 /* Preview Assets.xcassets in Resources */,
				11F0627F2B88738000D94BD5 /* Assets.xcassets in Resources */,
			);
			runOnlyForDeploymentPostprocessing = 0;
		};
/* End PBXResourcesBuildPhase section */

/* Begin PBXSourcesBuildPhase section */
		11F062732B88737F00D94BD5 /* Sources */ = {
			isa = PBXSourcesBuildPhase;
			buildActionMask = 2147483647;
			files = (
				1187231F2B905ADE00AD06A1 /* SearchView.swift in Sources */,
				11A645A12B88A4FD00602E01 /* AccountView.swift in Sources */,
				1144B02F2B8C8B79000C380C /* MatchedView.swift in Sources */,
				1144B0332B8CAB7B000C380C /* CourseView.swift in Sources */,
				11A645A72B8B2FCE00602E01 /* TabBar.swift in Sources */,
				118723252B907F5400AD06A1 /* SignUpView.swift in Sources */,
				118723212B906BE800AD06A1 /* Suggestion.swift in Sources */,
				11A645B12B8B51FD00602E01 /* HomeView.swift in Sources */,
				11A645B42B8B56D200602E01 /* FeatureItem.swift in Sources */,
				11A645BC2B8C7B3D00602E01 /* FeaturedItem.swift in Sources */,
				11A645A32B89F98A00602E01 /* HexagonView.swift in Sources */,
				11A645B62B8B585300602E01 /* NavigationBar.swift in Sources */,
				118723232B906F0200AD06A1 /* FrostedGlassStyle.swift in Sources */,
				11F0627D2B88737F00D94BD5 /* ContentView.swift in Sources */,
				11A645A52B89FD5B00602E01 /* BlobView.swift in Sources */,
				11F0627B2B88737F00D94BD5 /* SwiftUI_iOS15App.swift in Sources */,
				1144B0312B8CAAD0000C380C /* CourseItem.swift in Sources */,
				11A645A92B8B36A600602E01 /* TabItem.swift in Sources */,
				113E11E72B9218B5008A566B /* AngularButtonStyle.swift in Sources */,
				113E11E92B947893008A566B /* InputStyle.swift in Sources */,
				1144B0352B8CC8E8000C380C /* Animations.swift in Sources */,
				11A6459F2B88A04D00602E01 /* StrokeStyle.swift in Sources */,
				1159AEAD2B8CE8500003AA19 /* Model.swift in Sources */,
				11A645B82B8C6FEE00602E01 /* PreferenceKeys.swift in Sources */,
				11A645BA2B8C75CE00602E01 /* AnimatableFontModifier.swift in Sources */,
			);
			runOnlyForDeploymentPostprocessing = 0;
		};
/* End PBXSourcesBuildPhase section */

/* Begin XCBuildConfiguration section */
		11F062832B88738000D94BD5 /* Debug */ = {
			isa = XCBuildConfiguration;
			buildSettings = {
				ALWAYS_SEARCH_USER_PATHS = NO;
				CLANG_ANALYZER_NONNULL = YES;
				CLANG_ANALYZER_NUMBER_OBJECT_CONVERSION = YES_AGGRESSIVE;
				CLANG_CXX_LANGUAGE_STANDARD = "gnu++20";
				CLANG_ENABLE_MODULES = YES;
				CLANG_ENABLE_OBJC_ARC = YES;
				CLANG_ENABLE_OBJC_WEAK = YES;
				CLANG_WARN_BLOCK_CAPTURE_AUTORELEASING = YES;
				CLANG_WARN_BOOL_CONVERSION = YES;
				CLANG_WARN_COMMA = YES;
				CLANG_WARN_CONSTANT_CONVERSION = YES;
				CLANG_WARN_DEPRECATED_OBJC_IMPLEMENTATIONS = YES;
				CLANG_WARN_DIRECT_OBJC_ISA_USAGE = YES_ERROR;
				CLANG_WARN_DOCUMENTATION_COMMENTS = YES;
				CLANG_WARN_EMPTY_BODY = YES;
				CLANG_WARN_ENUM_CONVERSION = YES;
				CLANG_WARN_INFINITE_RECURSION = YES;
				CLANG_WARN_INT_CONVERSION = YES;
				CLANG_WARN_NON_LITERAL_NULL_CONVERSION = YES;
				CLANG_WARN_OBJC_IMPLICIT_RETAIN_SELF = YES;
				CLANG_WARN_OBJC_LITERAL_CONVERSION = YES;
				CLANG_WARN_OBJC_ROOT_CLASS = YES_ERROR;
				CLANG_WARN_QUOTED_INCLUDE_IN_FRAMEWORK_HEADER = YES;
				CLANG_WARN_RANGE_LOOP_ANALYSIS = YES;
				CLANG_WARN_STRICT_PROTOTYPES = YES;
				CLANG_WARN_SUSPICIOUS_MOVE = YES;
				CLANG_WARN_UNGUARDED_AVAILABILITY = YES_AGGRESSIVE;
				CLANG_WARN_UNREACHABLE_CODE = YES;
				CLANG_WARN__DUPLICATE_METHOD_MATCH = YES;
				COPY_PHASE_STRIP = NO;
				DEBUG_INFORMATION_FORMAT = dwarf;
				ENABLE_STRICT_OBJC_MSGSEND = YES;
				ENABLE_TESTABILITY = YES;
				ENABLE_USER_SCRIPT_SANDBOXING = YES;
				GCC_C_LANGUAGE_STANDARD = gnu11;
				GCC_DYNAMIC_NO_PIC = NO;
				GCC_NO_COMMON_BLOCKS = YES;
				GCC_OPTIMIZATION_LEVEL = 0;
				GCC_PREPROCESSOR_DEFINITIONS = (
					"DEBUG=1",
					"$(inherited)",
				);
				GCC_WARN_64_TO_32_BIT_CONVERSION = YES;
				GCC_WARN_ABOUT_RETURN_TYPE = YES_ERROR;
				GCC_WARN_UNDECLARED_SELECTOR = YES;
				GCC_WARN_UNINITIALIZED_AUTOS = YES_AGGRESSIVE;
				GCC_WARN_UNUSED_FUNCTION = YES;
				GCC_WARN_UNUSED_VARIABLE = YES;
				IPHONEOS_DEPLOYMENT_TARGET = 16.1;
				MTL_ENABLE_DEBUG_INFO = INCLUDE_SOURCE;
				MTL_FAST_MATH = YES;
				ONLY_ACTIVE_ARCH = YES;
				SDKROOT = iphoneos;
				SWIFT_ACTIVE_COMPILATION_CONDITIONS = DEBUG;
				SWIFT_OPTIMIZATION_LEVEL = "-Onone";
			};
			name = Debug;
		};
		11F062842B88738000D94BD5 /* Release */ = {
			isa = XCBuildConfiguration;
			buildSettings = {
				ALWAYS_SEARCH_USER_PATHS = NO;
				CLANG_ANALYZER_NONNULL = YES;
				CLANG_ANALYZER_NUMBER_OBJECT_CONVERSION = YES_AGGRESSIVE;
				CLANG_CXX_LANGUAGE_STANDARD = "gnu++20";
				CLANG_ENABLE_MODULES = YES;
				CLANG_ENABLE_OBJC_ARC = YES;
				CLANG_ENABLE_OBJC_WEAK = YES;
				CLANG_WARN_BLOCK_CAPTURE_AUTORELEASING = YES;
				CLANG_WARN_BOOL_CONVERSION = YES;
				CLANG_WARN_COMMA = YES;
				CLANG_WARN_CONSTANT_CONVERSION = YES;
				CLANG_WARN_DEPRECATED_OBJC_IMPLEMENTATIONS = YES;
				CLANG_WARN_DIRECT_OBJC_ISA_USAGE = YES_ERROR;
				CLANG_WARN_DOCUMENTATION_COMMENTS = YES;
				CLANG_WARN_EMPTY_BODY = YES;
				CLANG_WARN_ENUM_CONVERSION = YES;
				CLANG_WARN_INFINITE_RECURSION = YES;
				CLANG_WARN_INT_CONVERSION = YES;
				CLANG_WARN_NON_LITERAL_NULL_CONVERSION = YES;
				CLANG_WARN_OBJC_IMPLICIT_RETAIN_SELF = YES;
				CLANG_WARN_OBJC_LITERAL_CONVERSION = YES;
				CLANG_WARN_OBJC_ROOT_CLASS = YES_ERROR;
				CLANG_WARN_QUOTED_INCLUDE_IN_FRAMEWORK_HEADER = YES;
				CLANG_WARN_RANGE_LOOP_ANALYSIS = YES;
				CLANG_WARN_STRICT_PROTOTYPES = YES;
				CLANG_WARN_SUSPICIOUS_MOVE = YES;
				CLANG_WARN_UNGUARDED_AVAILABILITY = YES_AGGRESSIVE;
				CLANG_WARN_UNREACHABLE_CODE = YES;
				CLANG_WARN__DUPLICATE_METHOD_MATCH = YES;
				COPY_PHASE_STRIP = NO;
				DEBUG_INFORMATION_FORMAT = "dwarf-with-dsym";
				ENABLE_NS_ASSERTIONS = NO;
				ENABLE_STRICT_OBJC_MSGSEND = YES;
				ENABLE_USER_SCRIPT_SANDBOXING = YES;
				GCC_C_LANGUAGE_STANDARD = gnu11;
				GCC_NO_COMMON_BLOCKS = YES;
				GCC_WARN_64_TO_32_BIT_CONVERSION = YES;
				GCC_WARN_ABOUT_RETURN_TYPE = YES_ERROR;
				GCC_WARN_UNDECLARED_SELECTOR = YES;
				GCC_WARN_UNINITIALIZED_AUTOS = YES_AGGRESSIVE;
				GCC_WARN_UNUSED_FUNCTION = YES;
				GCC_WARN_UNUSED_VARIABLE = YES;
				IPHONEOS_DEPLOYMENT_TARGET = 16.1;
				MTL_ENABLE_DEBUG_INFO = NO;
				MTL_FAST_MATH = YES;
				SDKROOT = iphoneos;
				SWIFT_COMPILATION_MODE = wholemodule;
				SWIFT_OPTIMIZATION_LEVEL = "-O";
				VALIDATE_PRODUCT = YES;
			};
			name = Release;
		};
		11F062862B88738000D94BD5 /* Debug */ = {
			isa = XCBuildConfiguration;
			buildSettings = {
				ASSETCATALOG_COMPILER_APPICON_NAME = AppIcon;
				ASSETCATALOG_COMPILER_GLOBAL_ACCENT_COLOR_NAME = AccentColor;
				CODE_SIGN_STYLE = Automatic;
				CURRENT_PROJECT_VERSION = 1;
				DEVELOPMENT_ASSET_PATHS = "\"SwiftUI_iOS15/Preview Content\"";
				DEVELOPMENT_TEAM = RTLGBYJM5X;
				ENABLE_PREVIEWS = YES;
				GENERATE_INFOPLIST_FILE = YES;
				INFOPLIST_KEY_UIApplicationSceneManifest_Generation = YES;
				INFOPLIST_KEY_UIApplicationSupportsIndirectInputEvents = YES;
				INFOPLIST_KEY_UILaunchScreen_Generation = YES;
				INFOPLIST_KEY_UISupportedInterfaceOrientations_iPad = "UIInterfaceOrientationPortrait UIInterfaceOrientationPortraitUpsideDown UIInterfaceOrientationLandscapeLeft UIInterfaceOrientationLandscapeRight";
				INFOPLIST_KEY_UISupportedInterfaceOrientations_iPhone = "UIInterfaceOrientationPortrait UIInterfaceOrientationLandscapeLeft UIInterfaceOrientationLandscapeRight";
				IPHONEOS_DEPLOYMENT_TARGET = 15.0;
				LD_RUNPATH_SEARCH_PATHS = (
					"$(inherited)",
					"@executable_path/Frameworks",
				);
				MARKETING_VERSION = 1.0;
				PRODUCT_BUNDLE_IDENTIFIER = "com.NikitaKosolapov.SwiftUI-iOS15";
				PRODUCT_NAME = "$(TARGET_NAME)";
				SWIFT_EMIT_LOC_STRINGS = YES;
				SWIFT_VERSION = 5.0;
				TARGETED_DEVICE_FAMILY = "1,2";
			};
			name = Debug;
		};
		11F062872B88738000D94BD5 /* Release */ = {
			isa = XCBuildConfiguration;
			buildSettings = {
				ASSETCATALOG_COMPILER_APPICON_NAME = AppIcon;
				ASSETCATALOG_COMPILER_GLOBAL_ACCENT_COLOR_NAME = AccentColor;
				CODE_SIGN_STYLE = Automatic;
				CURRENT_PROJECT_VERSION = 1;
				DEVELOPMENT_ASSET_PATHS = "\"SwiftUI_iOS15/Preview Content\"";
				DEVELOPMENT_TEAM = RTLGBYJM5X;
				ENABLE_PREVIEWS = YES;
				GENERATE_INFOPLIST_FILE = YES;
				INFOPLIST_KEY_UIApplicationSceneManifest_Generation = YES;
				INFOPLIST_KEY_UIApplicationSupportsIndirectInputEvents = YES;
				INFOPLIST_KEY_UILaunchScreen_Generation = YES;
				INFOPLIST_KEY_UISupportedInterfaceOrientations_iPad = "UIInterfaceOrientationPortrait UIInterfaceOrientationPortraitUpsideDown UIInterfaceOrientationLandscapeLeft UIInterfaceOrientationLandscapeRight";
				INFOPLIST_KEY_UISupportedInterfaceOrientations_iPhone = "UIInterfaceOrientationPortrait UIInterfaceOrientationLandscapeLeft UIInterfaceOrientationLandscapeRight";
				IPHONEOS_DEPLOYMENT_TARGET = 15.0;
				LD_RUNPATH_SEARCH_PATHS = (
					"$(inherited)",
					"@executable_path/Frameworks",
				);
				MARKETING_VERSION = 1.0;
				PRODUCT_BUNDLE_IDENTIFIER = "com.NikitaKosolapov.SwiftUI-iOS15";
				PRODUCT_NAME = "$(TARGET_NAME)";
				SWIFT_EMIT_LOC_STRINGS = YES;
				SWIFT_VERSION = 5.0;
				TARGETED_DEVICE_FAMILY = "1,2";
			};
			name = Release;
		};
/* End XCBuildConfiguration section */

/* Begin XCConfigurationList section */
		11F062722B88737F00D94BD5 /* Build configuration list for PBXProject "SwiftUI_iOS15" */ = {
			isa = XCConfigurationList;
			buildConfigurations = (
				11F062832B88738000D94BD5 /* Debug */,
				11F062842B88738000D94BD5 /* Release */,
			);
			defaultConfigurationIsVisible = 0;
			defaultConfigurationName = Release;
		};
		11F062852B88738000D94BD5 /* Build configuration list for PBXNativeTarget "SwiftUI_iOS15" */ = {
			isa = XCConfigurationList;
			buildConfigurations = (
				11F062862B88738000D94BD5 /* Debug */,
				11F062872B88738000D94BD5 /* Release */,
			);
			defaultConfigurationIsVisible = 0;
			defaultConfigurationName = Release;
		};
/* End XCConfigurationList section */
	};
	rootObject = 11F0626F2B88737F00D94BD5 /* Project object */;
}
